
Microsoft Visual Studio Solution File, Format Version 12.00
# Visual Studio Version 17
VisualStudioVersion = 17.0.31919.166
MinimumVisualStudioVersion = 10.0.40219.1
Project("{FAE04EC0-301F-11D3-BF4B-00C04F79EFBC}") = "17_Classe_et_Objets", "17_Classe_et_Objets\17_Classe_et_Objets.csproj", "{6BC34433-D909-4351-A7DB-5BCC26CBAE42}"
EndProject
Global
	GlobalSection(SolutionConfigurationPlatforms) = preSolution
		Debug|Any CPU = Debug|Any CPU
		Release|Any CPU = Release|Any CPU
	EndGlobalSection
	GlobalSection(ProjectConfigurationPlatforms) = postSolution
		{6BC34433-D909-4351-A7DB-5BCC26CBAE42}.Debug|Any CPU.ActiveCfg = Debug|Any CPU
		{6BC34433-D909-4351-A7DB-5BCC26CBAE42}.Debug|Any CPU.Build.0 = Debug|Any CPU
		{6BC34433-D909-4351-A7DB-5BCC26CBAE42}.Release|Any CPU.ActiveCfg = Release|Any CPU
		{6BC34433-D909-4351-A7DB-5BCC26CBAE42}.Release|Any CPU.Build.0 = Release|Any CPU
	EndGlobalSection
	GlobalSection(SolutionProperties) = preSolution
		HideSolutionNode = FALSE
	EndGlobalSection
	GlobalSection(ExtensibilityGlobals) = postSolution
		SolutionGuid = {52ED2C31-FEB6-41A1-AF18-ABAD3C79ADB8}
	EndGlobalSection
EndGlobal
