
Microsoft Visual Studio Solution File, Format Version 12.00
# Visual Studio Version 17
VisualStudioVersion = 17.0.31912.275
MinimumVisualStudioVersion = 10.0.40219.1
Project("{FAE04EC0-301F-11D3-BF4B-00C04F79EFBC}") = "5_Obtenir_une_entre_utilisateur", "5_Obtenir_une_entre_utilisateur\5_Obtenir_une_entre_utilisateur.csproj", "{F065D5A0-2BEC-4BB1-A0F4-D3C4B26BA4CC}"
EndProject
Global
	GlobalSection(SolutionConfigurationPlatforms) = preSolution
		Debug|Any CPU = Debug|Any CPU
		Release|Any CPU = Release|Any CPU
	EndGlobalSection
	GlobalSection(ProjectConfigurationPlatforms) = postSolution
		{F065D5A0-2BEC-4BB1-A0F4-D3C4B26BA4CC}.Debug|Any CPU.ActiveCfg = Debug|Any CPU
		{F065D5A0-2BEC-4BB1-A0F4-D3C4B26BA4CC}.Debug|Any CPU.Build.0 = Debug|Any CPU
		{F065D5A0-2BEC-4BB1-A0F4-D3C4B26BA4CC}.Release|Any CPU.ActiveCfg = Release|Any CPU
		{F065D5A0-2BEC-4BB1-A0F4-D3C4B26BA4CC}.Release|Any CPU.Build.0 = Release|Any CPU
	EndGlobalSection
	GlobalSection(SolutionProperties) = preSolution
		HideSolutionNode = FALSE
	EndGlobalSection
	GlobalSection(ExtensibilityGlobals) = postSolution
		SolutionGuid = {614A47A4-3ED8-4F0F-9BC2-3C474F1F005A}
	EndGlobalSection
EndGlobal
