
Microsoft Visual Studio Solution File, Format Version 12.00
# Visual Studio Version 17
VisualStudioVersion = 17.0.31919.166
MinimumVisualStudioVersion = 10.0.40219.1
Project("{FAE04EC0-301F-11D3-BF4B-00C04F79EFBC}") = "20_Modificateurs_d_acces", "20_Modificateurs_d_acces\20_Modificateurs_d_acces.csproj", "{A5575B56-1C88-4E72-BDC8-F76871761EEB}"
EndProject
Global
	GlobalSection(SolutionConfigurationPlatforms) = preSolution
		Debug|Any CPU = Debug|Any CPU
		Release|Any CPU = Release|Any CPU
	EndGlobalSection
	GlobalSection(ProjectConfigurationPlatforms) = postSolution
		{A5575B56-1C88-4E72-BDC8-F76871761EEB}.Debug|Any CPU.ActiveCfg = Debug|Any CPU
		{A5575B56-1C88-4E72-BDC8-F76871761EEB}.Debug|Any CPU.Build.0 = Debug|Any CPU
		{A5575B56-1C88-4E72-BDC8-F76871761EEB}.Release|Any CPU.ActiveCfg = Release|Any CPU
		{A5575B56-1C88-4E72-BDC8-F76871761EEB}.Release|Any CPU.Build.0 = Release|Any CPU
	EndGlobalSection
	GlobalSection(SolutionProperties) = preSolution
		HideSolutionNode = FALSE
	EndGlobalSection
	GlobalSection(ExtensibilityGlobals) = postSolution
		SolutionGuid = {5A93351F-C6ED-4C2C-93A7-37079D58F1B2}
	EndGlobalSection
EndGlobal
